
Microsoft Visual Studio Solution File, Format Version 12.00
# Visual Studio Version 16
VisualStudioVersion = 16.0.29318.209
MinimumVisualStudioVersion = 10.0.40219.1
Project("{FAE04EC0-301F-11D3-BF4B-00C04F79EFBC}") = "Mercato", "Mercato\Mercato.csproj", "{27CB4FFF-B2DB-4939-B537-B6E9109A3DD2}"
EndProject
Global
	GlobalSection(SolutionConfigurationPlatforms) = preSolution
		Debug|Any CPU = Debug|Any CPU
		Release|Any CPU = Release|Any CPU
	EndGlobalSection
	GlobalSection(ProjectConfigurationPlatforms) = postSolution
		{27CB4FFF-B2DB-4939-B537-B6E9109A3DD2}.Debug|Any CPU.ActiveCfg = Debug|Any CPU
		{27CB4FFF-B2DB-4939-B537-B6E9109A3DD2}.Debug|Any CPU.Build.0 = Debug|Any CPU
		{27CB4FFF-B2DB-4939-B537-B6E9109A3DD2}.Release|Any CPU.ActiveCfg = Release|Any CPU
		{27CB4FFF-B2DB-4939-B537-B6E9109A3DD2}.Release|Any CPU.Build.0 = Release|Any CPU
	EndGlobalSection
	GlobalSection(SolutionProperties) = preSolution
		HideSolutionNode = FALSE
	EndGlobalSection
	GlobalSection(ExtensibilityGlobals) = postSolution
		SolutionGuid = {5393038D-4DB7-4682-A00A-DFF233F29394}
	EndGlobalSection
EndGlobal
